PODS:
  - BmobSDK (2.2.3):
    - WechatOpenSDK (~> 1.7.7)
  - SDWebImage (4.2.1):
    - SDWebImage/Core (= 4.2.1)
  - SDWebImage/Core (4.2.1)
  - SVProgressHUD (2.2.2)
  - WechatOpenSDK (1.7.9)

DEPENDENCIES:
  - BmobSDK
  - SDWebImage
  - SVProgressHUD

SPEC CHECKSUMS:
  BmobSDK: dd61cf835d063303fb53b29465fcb3e9718b36f2
  SDWebImage: 1fa4c9edf525b744f002db89f3f5a38b3cd4c541
  SVProgressHUD: 59b2d3dabacbd051576d21d32293ca7228dc18b0
  WechatOpenSDK: 1fe7e3b07db860d6a936c3ff4a5aba6b890958d9

PODFILE CHECKSUM: 980f695d5a1dfebba4a744dcea210799a2c846d7

COCOAPODS: 1.4.0.beta.2
