// !$*UTF8*$!
{
	archiveVersion = 1;
	classes = {
	};
	objectVersion = 48;
	objects = {

/* Begin PBXBuildFile section */
		044ABC811FA5F5F60041BD13 /* AppDelegate.swift in Sources */ = {isa = PBXBuildFile; fileRef = 044ABC801FA5F5F60041BD13 /* AppDelegate.swift */; };
		044ABC831FA5F5F60041BD13 /* ViewController.swift in Sources */ = {isa = PBXBuildFile; fileRef = 044ABC821FA5F5F60041BD13 /* ViewController.swift */; };
		044ABC861FA5F5F60041BD13 /* Main.storyboard in Resources */ = {isa = PBXBuildFile; fileRef = 044ABC841FA5F5F60041BD13 /* Main.storyboard */; };
		044ABC881FA5F5F60041BD13 /* Assets.xcassets in Resources */ = {isa = PBXBuildFile; fileRef = 044ABC871FA5F5F60041BD13 /* Assets.xcassets */; };
		044ABC8B1FA5F5F60041BD13 /* LaunchScreen.storyboard in Resources */ = {isa = PBXBuildFile; fileRef = 044ABC891FA5F5F60041BD13 /* LaunchScreen.storyboard */; };
		044ABC961FA5F5F70041BD13 /* WTTestDemoTests.swift in Sources */ = {isa = PBXBuildFile; fileRef = 044ABC951FA5F5F70041BD13 /* WTTestDemoTests.swift */; };
		044ABCA11FA5F5F70041BD13 /* WTTestDemoUITests.swift in Sources */ = {isa = PBXBuildFile; fileRef = 044ABCA01FA5F5F70041BD13 /* WTTestDemoUITests.swift */; };
/* End PBXBuildFile section */

/* Begin PBXContainerItemProxy section */
		044ABC921FA5F5F70041BD13 /* PBXContainerItemProxy */ = {
			isa = PBXContainerItemProxy;
			containerPortal = 044ABC751FA5F5F60041BD13 /* Project object */;
			proxyType = 1;
			remoteGlobalIDString = 044ABC7C1FA5F5F60041BD13;
			remoteInfo = WTTestDemo;
		};
		044ABC9D1FA5F5F70041BD13 /* PBXContainerItemProxy */ = {
			isa = PBXContainerItemProxy;
			containerPortal = 044ABC751FA5F5F60041BD13 /* Project object */;
			proxyType = 1;
			remoteGlobalIDString = 044ABC7C1FA5F5F60041BD13;
			remoteInfo = WTTestDemo;
		};
/* End PBXContainerItemProxy section */

/* Begin PBXFileReference section */
		044ABC7D1FA5F5F60041BD13 /* WTTestDemo.app */ = {isa = PBXFileReference; explicitFileType = wrapper.application; includeInIndex = 0; path = WTTestDemo.app; sourceTree = BUILT_PRODUCTS_DIR; };
		044ABC801FA5F5F60041BD13 /* AppDelegate.swift */ = {isa = PBXFileReference; lastKnownFileType = sourcecode.swift; path = AppDelegate.swift; sourceTree = "<group>"; };
		044ABC821FA5F5F60041BD13 /* ViewController.swift */ = {isa = PBXFileReference; lastKnownFileType = sourcecode.swift; path = ViewController.swift; sourceTree = "<group>"; };
		044ABC851FA5F5F60041BD13 /* Base */ = {isa = PBXFileReference; lastKnownFileType = file.storyboard; name = Base; path = Base.lproj/Main.storyboard; sourceTree = "<group>"; };
		044ABC871FA5F5F60041BD13 /* Assets.xcassets */ = {isa = PBXFileReference; lastKnownFileType = folder.assetcatalog; path = Assets.xcassets; sourceTree = "<group>"; };
		044ABC8A1FA5F5F60041BD13 /* Base */ = {isa = PBXFileReference; lastKnownFileType = file.storyboard; name = Base; path = Base.lproj/LaunchScreen.storyboard; sourceTree = "<group>"; };
		044ABC8C1FA5F5F60041BD13 /* Info.plist */ = {isa = PBXFileReference; lastKnownFileType = text.plist.xml; path = Info.plist; sourceTree = "<group>"; };
		044ABC911FA5F5F70041BD13 /* WTTestDemoTests.xctest */ = {isa = PBXFileReference; explicitFileType = wrapper.cfbundle; includeInIndex = 0; path = WTTestDemoTests.xctest; sourceTree = BUILT_PRODUCTS_DIR; };
		044ABC951FA5F5F70041BD13 /* WTTestDemoTests.swift */ = {isa = PBXFileReference; lastKnownFileType = sourcecode.swift; path = WTTestDemoTests.swift; sourceTree = "<group>"; };
		044ABC971FA5F5F70041BD13 /* Info.plist */ = {isa = PBXFileReference; lastKnownFileType = text.plist.xml; path = Info.plist; sourceTree = "<group>"; };
		044ABC9C1FA5F5F70041BD13 /* WTTestDemoUITests.xctest */ = {isa = PBXFileReference; explicitFileType = wrapper.cfbundle; includeInIndex = 0; path = WTTestDemoUITests.xctest; sourceTree = BUILT_PRODUCTS_DIR; };
		044ABCA01FA5F5F70041BD13 /* WTTestDemoUITests.swift */ = {isa = PBXFileReference; lastKnownFileType = sourcecode.swift; path = WTTestDemoUITests.swift; sourceTree = "<group>"; };
		044ABCA21FA5F5F70041BD13 /* Info.plist */ = {isa = PBXFileReference; lastKnownFileType = text.plist.xml; path = Info.plist; sourceTree = "<group>"; };
/* End PBXFileReference section */

/* Begin PBXFrameworksBuildPhase section */
		044ABC7A1FA5F5F60041BD13 /* Frameworks */ = {
			isa = PBXFrameworksBuildPhase;
			buildActionMask = 2147483647;
			files = (
			);
			runOnlyForDeploymentPostprocessing = 0;
		};
		044ABC8E1FA5F5F70041BD13 /* Frameworks */ = {
			isa = PBXFrameworksBuildPhase;
			buildActionMask = 2147483647;
			files = (
			);
			runOnlyForDeploymentPostprocessing = 0;
		};
		044ABC991FA5F5F70041BD13 /* Frameworks */ = {
			isa = PBXFrameworksBuildPhase;
			buildActionMask = 2147483647;
			files = (
			);
			runOnlyForDeploymentPostprocessing = 0;
		};
/* End PBXFrameworksBuildPhase section */

/* Begin PBXGroup section */
		044ABC741FA5F5F60041BD13 = {
			isa = PBXGroup;
			children = (
				044ABC7F1FA5F5F60041BD13 /* WTTestDemo */,
				044ABC941FA5F5F70041BD13 /* WTTestDemoTests */,
				044ABC9F1FA5F5F70041BD13 /* WTTestDemoUITests */,
				044ABC7E1FA5F5F60041BD13 /* Products */,
			);
			sourceTree = "<group>";
		};
		044ABC7E1FA5F5F60041BD13 /* Products */ = {
			isa = PBXGroup;
			children = (
				044ABC7D1FA5F5F60041BD13 /* WTTestDemo.app */,
				044ABC911FA5F5F70041BD13 /* WTTestDemoTests.xctest */,
				044ABC9C1FA5F5F70041BD13 /* WTTestDemoUITests.xctest */,
			);
			name = Products;
			sourceTree = "<group>";
		};
		044ABC7F1FA5F5F60041BD13 /* WTTestDemo */ = {
			isa = PBXGroup;
			children = (
				044ABC801FA5F5F60041BD13 /* AppDelegate.swift */,
				044ABC821FA5F5F60041BD13 /* ViewController.swift */,
				044ABC841FA5F5F60041BD13 /* Main.storyboard */,
				044ABC871FA5F5F60041BD13 /* Assets.xcassets */,
				044ABC891FA5F5F60041BD13 /* LaunchScreen.storyboard */,
				044ABC8C1FA5F5F60041BD13 /* Info.plist */,
			);
			path = WTTestDemo;
			sourceTree = "<group>";
		};
		044ABC941FA5F5F70041BD13 /* WTTestDemoTests */ = {
			isa = PBXGroup;
			children = (
				044ABC951FA5F5F70041BD13 /* WTTestDemoTests.swift */,
				044ABC971FA5F5F70041BD13 /* Info.plist */,
			);
			path = WTTestDemoTests;
			sourceTree = "<group>";
		};
		044ABC9F1FA5F5F70041BD13 /* WTTestDemoUITests */ = {
			isa = PBXGroup;
			children = (
				044ABCA01FA5F5F70041BD13 /* WTTestDemoUITests.swift */,
				044ABCA21FA5F5F70041BD13 /* Info.plist */,
			);
			path = WTTestDemoUITests;
			sourceTree = "<group>";
		};
/* End PBXGroup section */

/* Begin PBXNativeTarget section */
		044ABC7C1FA5F5F60041BD13 /* WTTestDemo */ = {
			isa = PBXNativeTarget;
			buildConfigurationList = 044ABCA51FA5F5F70041BD13 /* Build configuration list for PBXNativeTarget "WTTestDemo" */;
			buildPhases = (
				044ABC791FA5F5F60041BD13 /* Sources */,
				044ABC7A1FA5F5F60041BD13 /* Frameworks */,
				044ABC7B1FA5F5F60041BD13 /* Resources */,
			);
			buildRules = (
			);
			dependencies = (
			);
			name = WTTestDemo;
			productName = WTTestDemo;
			productReference = 044ABC7D1FA5F5F60041BD13 /* WTTestDemo.app */;
			productType = "com.apple.product-type.application";
		};
		044ABC901FA5F5F70041BD13 /* WTTestDemoTests */ = {
			isa = PBXNativeTarget;
			buildConfigurationList = 044ABCA81FA5F5F70041BD13 /* Build configuration list for PBXNativeTarget "WTTestDemoTests" */;
			buildPhases = (
				044ABC8D1FA5F5F70041BD13 /* Sources */,
				044ABC8E1FA5F5F70041BD13 /* Frameworks */,
				044ABC8F1FA5F5F70041BD13 /* Resources */,
			);
			buildRules = (
			);
			dependencies = (
				044ABC931FA5F5F70041BD13 /* PBXTargetDependency */,
			);
			name = WTTestDemoTests;
			productName = WTTestDemoTests;
			productReference = 044ABC911FA5F5F70041BD13 /* WTTestDemoTests.xctest */;
			productType = "com.apple.product-type.bundle.unit-test";
		};
		044ABC9B1FA5F5F70041BD13 /* WTTestDemoUITests */ = {
			isa = PBXNativeTarget;
			buildConfigurationList = 044ABCAB1FA5F5F70041BD13 /* Build configuration list for PBXNativeTarget "WTTestDemoUITests" */;
			buildPhases = (
				044ABC981FA5F5F70041BD13 /* Sources */,
				044ABC991FA5F5F70041BD13 /* Frameworks */,
				044ABC9A1FA5F5F70041BD13 /* Resources */,
			);
			buildRules = (
			);
			dependencies = (
				044ABC9E1FA5F5F70041BD13 /* PBXTargetDependency */,
			);
			name = WTTestDemoUITests;
			productName = WTTestDemoUITests;
			productReference = 044ABC9C1FA5F5F70041BD13 /* WTTestDemoUITests.xctest */;
			productType = "com.apple.product-type.bundle.ui-testing";
		};
/* End PBXNativeTarget section */

/* Begin PBXProject section */
		044ABC751FA5F5F60041BD13 /* Project object */ = {
			isa = PBXProject;
			attributes = {
				LastSwiftUpdateCheck = 0900;
				LastUpgradeCheck = 0900;
				ORGANIZATIONNAME = wangtao;
				TargetAttributes = {
					044ABC7C1FA5F5F60041BD13 = {
						CreatedOnToolsVersion = 9.0.1;
						ProvisioningStyle = Automatic;
					};
					044ABC901FA5F5F70041BD13 = {
						CreatedOnToolsVersion = 9.0.1;
						ProvisioningStyle = Automatic;
						TestTargetID = 044ABC7C1FA5F5F60041BD13;
					};
					044ABC9B1FA5F5F70041BD13 = {
						CreatedOnToolsVersion = 9.0.1;
						ProvisioningStyle = Automatic;
						TestTargetID = 044ABC7C1FA5F5F60041BD13;
					};
				};
			};
			buildConfigurationList = 044ABC781FA5F5F60041BD13 /* Build configuration list for PBXProject "WTTestDemo" */;
			compatibilityVersion = "Xcode 8.0";
			developmentRegion = en;
			hasScannedForEncodings = 0;
			knownRegions = (
				en,
				Base,
			);
			mainGroup = 044ABC741FA5F5F60041BD13;
			productRefGroup = 044ABC7E1FA5F5F60041BD13 /* Products */;
			projectDirPath = "";
			projectRoot = "";
			targets = (
				044ABC7C1FA5F5F60041BD13 /* WTTestDemo */,
				044ABC901FA5F5F70041BD13 /* WTTestDemoTests */,
				044ABC9B1FA5F5F70041BD13 /* WTTestDemoUITests */,
			);
		};
/* End PBXProject section */

/* Begin PBXResourcesBuildPhase section */
		044ABC7B1FA5F5F60041BD13 /* Resources */ = {
			isa = PBXResourcesBuildPhase;
			buildActionMask = 2147483647;
			files = (
				044ABC8B1FA5F5F60041BD13 /* LaunchScreen.storyboard in Resources */,
				044ABC881FA5F5F60041BD13 /* Assets.xcassets in Resources */,
				044ABC861FA5F5F60041BD13 /* Main.storyboard in Resources */,
			);
			runOnlyForDeploymentPostprocessing = 0;
		};
		044ABC8F1FA5F5F70041BD13 /* Resources */ = {
			isa = PBXResourcesBuildPhase;
			buildActionMask = 2147483647;
			files = (
			);
			runOnlyForDeploymentPostprocessing = 0;
		};
		044ABC9A1FA5F5F70041BD13 /* Resources */ = {
			isa = PBXResourcesBuildPhase;
			buildActionMask = 2147483647;
			files = (
			);
			runOnlyForDeploymentPostprocessing = 0;
		};
/* End PBXResourcesBuildPhase section */

/* Begin PBXSourcesBuildPhase section */
		044ABC791FA5F5F60041BD13 /* Sources */ = {
			isa = PBXSourcesBuildPhase;
			buildActionMask = 2147483647;
			files = (
				044ABC831FA5F5F60041BD13 /* ViewController.swift in Sources */,
				044ABC811FA5F5F60041BD13 /* AppDelegate.swift in Sources */,
			);
			runOnlyForDeploymentPostprocessing = 0;
		};
		044ABC8D1FA5F5F70041BD13 /* Sources */ = {
			isa = PBXSourcesBuildPhase;
			buildActionMask = 2147483647;
			files = (
				044ABC961FA5F5F70041BD13 /* WTTestDemoTests.swift in Sources */,
			);
			runOnlyForDeploymentPostprocessing = 0;
		};
		044ABC981FA5F5F70041BD13 /* Sources */ = {
			isa = PBXSourcesBuildPhase;
			buildActionMask = 2147483647;
			files = (
				044ABCA11FA5F5F70041BD13 /* WTTestDemoUITests.swift in Sources */,
			);
			runOnlyForDeploymentPostprocessing = 0;
		};
/* End PBXSourcesBuildPhase section */

/* Begin PBXTargetDependency section */
		044ABC931FA5F5F70041BD13 /* PBXTargetDependency */ = {
			isa = PBXTargetDependency;
			target = 044ABC7C1FA5F5F60041BD13 /* WTTestDemo */;
			targetProxy = 044ABC921FA5F5F70041BD13 /* PBXContainerItemProxy */;
		};
		044ABC9E1FA5F5F70041BD13 /* PBXTargetDependency */ = {
			isa = PBXTargetDependency;
			target = 044ABC7C1FA5F5F60041BD13 /* WTTestDemo */;
			targetProxy = 044ABC9D1FA5F5F70041BD13 /* PBXContainerItemProxy */;
		};
/* End PBXTargetDependency section */

/* Begin PBXVariantGroup section */
		044ABC841FA5F5F60041BD13 /* Main.storyboard */ = {
			isa = PBXVariantGroup;
			children = (
				044ABC851FA5F5F60041BD13 /* Base */,
			);
			name = Main.storyboard;
			sourceTree = "<group>";
		};
		044ABC891FA5F5F60041BD13 /* LaunchScreen.storyboard */ = {
			isa = PBXVariantGroup;
			children = (
				044ABC8A1FA5F5F60041BD13 /* Base */,
			);
			name = LaunchScreen.storyboard;
			sourceTree = "<group>";
		};
/* End PBXVariantGroup section */

/* Begin XCBuildConfiguration section */
		044ABCA31FA5F5F70041BD13 /* Debug */ = {
			isa = XCBuildConfiguration;
			buildSettings = {
				ALWAYS_SEARCH_USER_PATHS = NO;
				CLANG_ANALYZER_NONNULL = YES;
				CLANG_ANALYZER_NUMBER_OBJECT_CONVERSION = YES_AGGRESSIVE;
				CLANG_CXX_LANGUAGE_STANDARD = "gnu++14";
				CLANG_CXX_LIBRARY = "libc++";
				CLANG_ENABLE_MODULES = YES;
				CLANG_ENABLE_OBJC_ARC = YES;
				CLANG_WARN_BLOCK_CAPTURE_AUTORELEASING = YES;
				CLANG_WARN_BOOL_CONVERSION = YES;
				CLANG_WARN_COMMA = YES;
				CLANG_WARN_CONSTANT_CONVERSION = YES;
				CLANG_WARN_DIRECT_OBJC_ISA_USAGE = YES_ERROR;
				CLANG_WARN_DOCUMENTATION_COMMENTS = YES;
				CLANG_WARN_EMPTY_BODY = YES;
				CLANG_WARN_ENUM_CONVERSION = YES;
				CLANG_WARN_INFINITE_RECURSION = YES;
				CLANG_WARN_INT_CONVERSION = YES;
				CLANG_WARN_NON_LITERAL_NULL_CONVERSION = YES;
				CLANG_WARN_OBJC_LITERAL_CONVERSION = YES;
				CLANG_WARN_OBJC_ROOT_CLASS = YES_ERROR;
				CLANG_WARN_RANGE_LOOP_ANALYSIS = YES;
				CLANG_WARN_STRICT_PROTOTYPES = YES;
				CLANG_WARN_SUSPICIOUS_MOVE = YES;
				CLANG_WARN_UNGUARDED_AVAILABILITY = YES_AGGRESSIVE;
				CLANG_WARN_UNREACHABLE_CODE = YES;
				CLANG_WARN__DUPLICATE_METHOD_MATCH = YES;
				CODE_SIGN_IDENTITY = "iPhone Developer";
				COPY_PHASE_STRIP = NO;
				DEBUG_INFORMATION_FORMAT = dwarf;
				ENABLE_STRICT_OBJC_MSGSEND = YES;
				ENABLE_TESTABILITY = YES;
				GCC_C_LANGUAGE_STANDARD = gnu11;
				GCC_DYNAMIC_NO_PIC = NO;
				GCC_NO_COMMON_BLOCKS = YES;
				GCC_OPTIMIZATION_LEVEL = 0;
				GCC_PREPROCESSOR_DEFINITIONS = (
					"DEBUG=1",
					"$(inherited)",
				);
				GCC_WARN_64_TO_32_BIT_CONVERSION = YES;
				GCC_WARN_ABOUT_RETURN_TYPE = YES_ERROR;
				GCC_WARN_UNDECLARED_SELECTOR = YES;
				GCC_WARN_UNINITIALIZED_AUTOS = YES_AGGRESSIVE;
				GCC_WARN_UNUSED_FUNCTION = YES;
				GCC_WARN_UNUSED_VARIABLE = YES;
				IPHONEOS_DEPLOYMENT_TARGET = 11.0;
				MTL_ENABLE_DEBUG_INFO = YES;
				ONLY_ACTIVE_ARCH = YES;
				SDKROOT = iphoneos;
				SWIFT_ACTIVE_COMPILATION_CONDITIONS = DEBUG;
				SWIFT_OPTIMIZATION_LEVEL = "-Onone";
			};
			name = Debug;
		};
		044ABCA41FA5F5F70041BD13 /* Release */ = {
			isa = XCBuildConfiguration;
			buildSettings = {
				ALWAYS_SEARCH_USER_PATHS = NO;
				CLANG_ANALYZER_NONNULL = YES;
				CLANG_ANALYZER_NUMBER_OBJECT_CONVERSION = YES_AGGRESSIVE;
				CLANG_CXX_LANGUAGE_STANDARD = "gnu++14";
				CLANG_CXX_LIBRARY = "libc++";
				CLANG_ENABLE_MODULES = YES;
				CLANG_ENABLE_OBJC_ARC = YES;
				CLANG_WARN_BLOCK_CAPTURE_AUTORELEASING = YES;
				CLANG_WARN_BOOL_CONVERSION = YES;
				CLANG_WARN_COMMA = YES;
				CLANG_WARN_CONSTANT_CONVERSION = YES;
				CLANG_WARN_DIRECT_OBJC_ISA_USAGE = YES_ERROR;
				CLANG_WARN_DOCUMENTATION_COMMENTS = YES;
				CLANG_WARN_EMPTY_BODY = YES;
				CLANG_WARN_ENUM_CONVERSION = YES;
				CLANG_WARN_INFINITE_RECURSION = YES;
				CLANG_WARN_INT_CONVERSION = YES;
				CLANG_WARN_NON_LITERAL_NULL_CONVERSION = YES;
				CLANG_WARN_OBJC_LITERAL_CONVERSION = YES;
				CLANG_WARN_OBJC_ROOT_CLASS = YES_ERROR;
				CLANG_WARN_RANGE_LOOP_ANALYSIS = YES;
				CLANG_WARN_STRICT_PROTOTYPES = YES;
				CLANG_WARN_SUSPICIOUS_MOVE = YES;
				CLANG_WARN_UNGUARDED_AVAILABILITY = YES_AGGRESSIVE;
				CLANG_WARN_UNREACHABLE_CODE = YES;
				CLANG_WARN__DUPLICATE_METHOD_MATCH = YES;
				CODE_SIGN_IDENTITY = "iPhone Developer";
				COPY_PHASE_STRIP = NO;
				DEBUG_INFORMATION_FORMAT = "dwarf-with-dsym";
				ENABLE_NS_ASSERTIONS = NO;
				ENABLE_STRICT_OBJC_MSGSEND = YES;
				GCC_C_LANGUAGE_STANDARD = gnu11;
				GCC_NO_COMMON_BLOCKS = YES;
				GCC_WARN_64_TO_32_BIT_CONVERSION = YES;
				GCC_WARN_ABOUT_RETURN_TYPE = YES_ERROR;
				GCC_WARN_UNDECLARED_SELECTOR = YES;
				GCC_WARN_UNINITIALIZED_AUTOS = YES_AGGRESSIVE;
				GCC_WARN_UNUSED_FUNCTION = YES;
				GCC_WARN_UNUSED_VARIABLE = YES;
				IPHONEOS_DEPLOYMENT_TARGET = 11.0;
				MTL_ENABLE_DEBUG_INFO = NO;
				SDKROOT = iphoneos;
				SWIFT_OPTIMIZATION_LEVEL = "-Owholemodule";
				VALIDATE_PRODUCT = YES;
			};
			name = Release;
		};
		044ABCA61FA5F5F70041BD13 /* Debug */ = {
			isa = XCBuildConfiguration;
			buildSettings = {
				ASSETCATALOG_COMPILER_APPICON_NAME = AppIcon;
				CODE_SIGN_STYLE = Automatic;
				DEVELOPMENT_TEAM = 7D5ND687AP;
				INFOPLIST_FILE = WTTestDemo/Info.plist;
				LD_RUNPATH_SEARCH_PATHS = "$(inherited) @executable_path/Frameworks";
				PRODUCT_BUNDLE_IDENTIFIER = com.wangtao.WTTestDemo;
				PRODUCT_NAME = "$(TARGET_NAME)";
				SWIFT_VERSION = 4.0;
				TARGETED_DEVICE_FAMILY = "1,2";
			};
			name = Debug;
		};
		044ABCA71FA5F5F70041BD13 /* Release */ = {
			isa = XCBuildConfiguration;
			buildSettings = {
				ASSETCATALOG_COMPILER_APPICON_NAME = AppIcon;
				CODE_SIGN_STYLE = Automatic;
				DEVELOPMENT_TEAM = 7D5ND687AP;
				INFOPLIST_FILE = WTTestDemo/Info.plist;
				LD_RUNPATH_SEARCH_PATHS = "$(inherited) @executable_path/Frameworks";
				PRODUCT_BUNDLE_IDENTIFIER = com.wangtao.WTTestDemo;
				PRODUCT_NAME = "$(TARGET_NAME)";
				SWIFT_VERSION = 4.0;
				TARGETED_DEVICE_FAMILY = "1,2";
			};
			name = Release;
		};
		044ABCA91FA5F5F70041BD13 /* Debug */ = {
			isa = XCBuildConfiguration;
			buildSettings = {
				ALWAYS_EMBED_SWIFT_STANDARD_LIBRARIES = YES;
				BUNDLE_LOADER = "$(TEST_HOST)";
				CODE_SIGN_STYLE = Automatic;
				DEVELOPMENT_TEAM = 7D5ND687AP;
				INFOPLIST_FILE = WTTestDemoTests/Info.plist;
				LD_RUNPATH_SEARCH_PATHS = "$(inherited) @executable_path/Frameworks @loader_path/Frameworks";
				PRODUCT_BUNDLE_IDENTIFIER = com.wangtao.WTTestDemoTests;
				PRODUCT_NAME = "$(TARGET_NAME)";
				SWIFT_VERSION = 4.0;
				TARGETED_DEVICE_FAMILY = "1,2";
				TEST_HOST = "$(BUILT_PRODUCTS_DIR)/WTTestDemo.app/WTTestDemo";
			};
			name = Debug;
		};
		044ABCAA1FA5F5F70041BD13 /* Release */ = {
			isa = XCBuildConfiguration;
			buildSettings = {
				ALWAYS_EMBED_SWIFT_STANDARD_LIBRARIES = YES;
				BUNDLE_LOADER = "$(TEST_HOST)";
				CODE_SIGN_STYLE = Automatic;
				DEVELOPMENT_TEAM = 7D5ND687AP;
				INFOPLIST_FILE = WTTestDemoTests/Info.plist;
				LD_RUNPATH_SEARCH_PATHS = "$(inherited) @executable_path/Frameworks @loader_path/Frameworks";
				PRODUCT_BUNDLE_IDENTIFIER = com.wangtao.WTTestDemoTests;
				PRODUCT_NAME = "$(TARGET_NAME)";
				SWIFT_VERSION = 4.0;
				TARGETED_DEVICE_FAMILY = "1,2";
				TEST_HOST = "$(BUILT_PRODUCTS_DIR)/WTTestDemo.app/WTTestDemo";
			};
			name = Release;
		};
		044ABCAC1FA5F5F70041BD13 /* Debug */ = {
			isa = XCBuildConfiguration;
			buildSettings = {
				ALWAYS_EMBED_SWIFT_STANDARD_LIBRARIES = YES;
				CODE_SIGN_STYLE = Automatic;
				DEVELOPMENT_TEAM = 7D5ND687AP;
				INFOPLIST_FILE = WTTestDemoUITests/Info.plist;
				LD_RUNPATH_SEARCH_PATHS = "$(inherited) @executable_path/Frameworks @loader_path/Frameworks";
				PRODUCT_BUNDLE_IDENTIFIER = com.wangtao.WTTestDemoUITests;
				PRODUCT_NAME = "$(TARGET_NAME)";
				SWIFT_VERSION = 4.0;
				TARGETED_DEVICE_FAMILY = "1,2";
				TEST_TARGET_NAME = WTTestDemo;
			};
			name = Debug;
		};
		044ABCAD1FA5F5F70041BD13 /* Release */ = {
			isa = XCBuildConfiguration;
			buildSettings = {
				ALWAYS_EMBED_SWIFT_STANDARD_LIBRARIES = YES;
				CODE_SIGN_STYLE = Automatic;
				DEVELOPMENT_TEAM = 7D5ND687AP;
				INFOPLIST_FILE = WTTestDemoUITests/Info.plist;
				LD_RUNPATH_SEARCH_PATHS = "$(inherited) @executable_path/Frameworks @loader_path/Frameworks";
				PRODUCT_BUNDLE_IDENTIFIER = com.wangtao.WTTestDemoUITests;
				PRODUCT_NAME = "$(TARGET_NAME)";
				SWIFT_VERSION = 4.0;
				TARGETED_DEVICE_FAMILY = "1,2";
				TEST_TARGET_NAME = WTTestDemo;
			};
			name = Release;
		};
/* End XCBuildConfiguration section */

/* Begin XCConfigurationList section */
		044ABC781FA5F5F60041BD13 /* Build configuration list for PBXProject "WTTestDemo" */ = {
			isa = XCConfigurationList;
			buildConfigurations = (
				044ABCA31FA5F5F70041BD13 /* Debug */,
				044ABCA41FA5F5F70041BD13 /* Release */,
			);
			defaultConfigurationIsVisible = 0;
			defaultConfigurationName = Release;
		};
		044ABCA51FA5F5F70041BD13 /* Build configuration list for PBXNativeTarget "WTTestDemo" */ = {
			isa = XCConfigurationList;
			buildConfigurations = (
				044ABCA61FA5F5F70041BD13 /* Debug */,
				044ABCA71FA5F5F70041BD13 /* Release */,
			);
			defaultConfigurationIsVisible = 0;
			defaultConfigurationName = Release;
		};
		044ABCA81FA5F5F70041BD13 /* Build configuration list for PBXNativeTarget "WTTestDemoTests" */ = {
			isa = XCConfigurationList;
			buildConfigurations = (
				044ABCA91FA5F5F70041BD13 /* Debug */,
				044ABCAA1FA5F5F70041BD13 /* Release */,
			);
			defaultConfigurationIsVisible = 0;
			defaultConfigurationName = Release;
		};
		044ABCAB1FA5F5F70041BD13 /* Build configuration list for PBXNativeTarget "WTTestDemoUITests" */ = {
			isa = XCConfigurationList;
			buildConfigurations = (
				044ABCAC1FA5F5F70041BD13 /* Debug */,
				044ABCAD1FA5F5F70041BD13 /* Release */,
			);
			defaultConfigurationIsVisible = 0;
			defaultConfigurationName = Release;
		};
/* End XCConfigurationList section */
	};
	rootObject = 044ABC751FA5F5F60041BD13 /* Project object */;
}
